{
    "name": "maniok-exporter",
    "version": "1.0.0",
    "lockfileVersion": 3,
    "requires": true,
    "packages": {
        "": {
            "name": "maniok-exporter",
            "version": "1.0.0",
            "license": "MIT",
            "dependencies": {
                "chokidar": "^5.0.0",
                "maniok-core": "file:../maniok-core"
            },
            "devDependencies": {
                "@types/node": "^25.6.0",
                "typescript": "^6.0.3"
            }
        },
        "../maniok-core": {
            "version": "1.0.0",
            "license": "MIT",
            "dependencies": {
                "@dagrejs/dagre": "^2.0.4",
                "@skeletonlabs/skeleton": "^4.13.0",
                "@skeletonlabs/skeleton-svelte": "^4.13.0",
                "@xyflow/svelte": "^1.5.1",
                "chokidar": "^5.0.0",
                "lucide-svelte": "^0.577.0",
                "lz-string": "^1.5.0",
                "rehype-autolink-headings": "^7.1.0",
                "rehype-sanitize": "^6.0.0",
                "rehype-slug": "^6.0.0",
                "rehype-stringify": "^10.0.1",
                "remark-gfm": "^4.0.1",
                "remark-parse": "^11.0.0",
                "remark-rehype": "^11.1.2",
                "svelte": "^5.53.12",
                "unified": "^11.0.5",
                "unist-util-visit": "^5.1.0",
                "zod": "^4.3.6"
            },
            "devDependencies": {
                "@sveltejs/package": "^2.5.7",
                "@sveltejs/vite-plugin-svelte": "^7.0.0",
                "@types/node": "^25.6.0",
                "typescript": "^5.9.3",
                "vitest": "^4.1.0"
            }
        },
        "node_modules/@types/node": {
            "version": "25.6.0",
            "resolved": "https://registry.npmjs.org/@types/node/-/node-25.6.0.tgz",
            "integrity": "sha512-+qIYRKdNYJwY3vRCZMdJbPLJAtGjQBudzZzdzwQYkEPQd+PJGixUL5QfvCLDaULoLv+RhT3LDkwEfKaAkgSmNQ==",
            "dev": true,
            "license": "MIT",
            "dependencies": {
                "undici-types": "~7.19.0"
            }
        },
        "node_modules/chokidar": {
            "version": "5.0.0",
            "resolved": "https://registry.npmjs.org/chokidar/-/chokidar-5.0.0.tgz",
            "integrity": "sha512-TQMmc3w+5AxjpL8iIiwebF73dRDF4fBIieAqGn9RGCWaEVwQ6Fb2cGe31Yns0RRIzii5goJ1Y7xbMwo1TxMplw==",
            "license": "MIT",
            "dependencies": {
                "readdirp": "^5.0.0"
            },
            "engines": {
                "node": ">= 20.19.0"
            },
            "funding": {
                "url": "https://paulmillr.com/funding/"
            }
        },
        "node_modules/maniok-core": {
            "resolved": "../maniok-core",
            "link": true
        },
        "node_modules/readdirp": {
            "version": "5.0.0",
            "resolved": "https://registry.npmjs.org/readdirp/-/readdirp-5.0.0.tgz",
            "integrity": "sha512-9u/XQ1pvrQtYyMpZe7DXKv2p5CNvyVwzUB6uhLAnQwHMSgKMBR62lc7AHljaeteeHXn11XTAaLLUVZYVZyuRBQ==",
            "license": "MIT",
            "engines": {
                "node": ">= 20.19.0"
            },
            "funding": {
                "type": "individual",
                "url": "https://paulmillr.com/funding/"
            }
        },
        "node_modules/typescript": {
            "version": "6.0.3",
            "resolved": "https://registry.npmjs.org/typescript/-/typescript-6.0.3.tgz",
            "integrity": "sha512-y2TvuxSZPDyQakkFRPZHKFm+KKVqIisdg9/CZwm9ftvKXLP8NRWj38/ODjNbr43SsoXqNuAisEf1GdCxqWcdBw==",
            "dev": true,
            "license": "Apache-2.0",
            "bin": {
                "tsc": "bin/tsc",
                "tsserver": "bin/tsserver"
            },
            "engines": {
                "node": ">=14.17"
            }
        },
        "node_modules/undici-types": {
            "version": "7.19.2",
            "resolved": "https://registry.npmjs.org/undici-types/-/undici-types-7.19.2.tgz",
            "integrity": "sha512-qYVnV5OEm2AW8cJMCpdV20CDyaN3g0AjDlOGf1OW4iaDEx8MwdtChUp4zu4H0VP3nDRF/8RKWH+IPp9uW0YGZg==",
            "dev": true,
            "license": "MIT"
        }
    }
}
